Microsoft Visual Studio Solution File, Format Version 12.00
# Visual Studio 2012
Project("{FAE04EC0-301F-11D3-BF4B-00C04F79EFBC}") = "BulletHellGameJam2", "BulletHellGameJam2.csproj", "{B54FF585-2876-4ED4-92D5-B4D52DFDA461}"
EndProject
Global
	GlobalSection(SolutionConfigurationPlatforms) = preSolution
	Debug|Any CPU = Debug|Any CPU
	Release|Any CPU = Release|Any CPU
	Tools|Any CPU = Tools|Any CPU
	EndGlobalSection
	GlobalSection(ProjectConfigurationPlatforms) = postSolution
		{B54FF585-2876-4ED4-92D5-B4D52DFDA461}.Debug|Any CPU.ActiveCfg = Debug|Any CPU
		{B54FF585-2876-4ED4-92D5-B4D52DFDA461}.Debug|Any CPU.Build.0 = Debug|Any CPU
		{B54FF585-2876-4ED4-92D5-B4D52DFDA461}.Release|Any CPU.ActiveCfg = Release|Any CPU
		{B54FF585-2876-4ED4-92D5-B4D52DFDA461}.Release|Any CPU.Build.0 = Release|Any CPU
		{B54FF585-2876-4ED4-92D5-B4D52DFDA461}.Tools|Any CPU.ActiveCfg = Tools|Any CPU
		{B54FF585-2876-4ED4-92D5-B4D52DFDA461}.Tools|Any CPU.Build.0 = Tools|Any CPU
	EndGlobalSection
EndGlobal
